
Microsoft Visual Studio Solution File, Format Version 12.00
# Visual Studio Version 16
VisualStudioVersion = 16.0.29306.81
MinimumVisualStudioVersion = 10.0.40219.1
Project("{FAE04EC0-301F-11D3-BF4B-00C04F79EFBC}") = "Waterskibaan", "Waterskibaan\Waterskibaan.csproj", "{83DB248D-F50B-4B91-96AA-2977B0C269FC}"
EndProject
Project("{FAE04EC0-301F-11D3-BF4B-00C04F79EFBC}") = "WaterskibaanWPF", "WaterskibaanWPF\WaterskibaanWPF.csproj", "{08126A4D-DA23-4AF2-A124-EBE316799D2D}"
EndProject
Global
	GlobalSection(SolutionConfigurationPlatforms) = preSolution
		Debug|Any CPU = Debug|Any CPU
		Release|Any CPU = Release|Any CPU
	EndGlobalSection
	GlobalSection(ProjectConfigurationPlatforms) = postSolution
		{83DB248D-F50B-4B91-96AA-2977B0C269FC}.Debug|Any CPU.ActiveCfg = Debug|Any CPU
		{83DB248D-F50B-4B91-96AA-2977B0C269FC}.Debug|Any CPU.Build.0 = Debug|Any CPU
		{83DB248D-F50B-4B91-96AA-2977B0C269FC}.Release|Any CPU.ActiveCfg = Release|Any CPU
		{83DB248D-F50B-4B91-96AA-2977B0C269FC}.Release|Any CPU.Build.0 = Release|Any CPU
		{08126A4D-DA23-4AF2-A124-EBE316799D2D}.Debug|Any CPU.ActiveCfg = Debug|Any CPU
		{08126A4D-DA23-4AF2-A124-EBE316799D2D}.Debug|Any CPU.Build.0 = Debug|Any CPU
		{08126A4D-DA23-4AF2-A124-EBE316799D2D}.Release|Any CPU.ActiveCfg = Release|Any CPU
		{08126A4D-DA23-4AF2-A124-EBE316799D2D}.Release|Any CPU.Build.0 = Release|Any CPU
	EndGlobalSection
	GlobalSection(SolutionProperties) = preSolution
		HideSolutionNode = FALSE
	EndGlobalSection
	GlobalSection(ExtensibilityGlobals) = postSolution
		SolutionGuid = {A27359B3-EEC0-4A3D-B981-5F9F6405B5BB}
	EndGlobalSection
EndGlobal
